
Microsoft Visual Studio Solution File, Format Version 12.00
# Visual Studio 2012
Project("{FAE04EC0-301F-11D3-BF4B-00C04F79EFBC}") = "jenkins", "jenkins\jenkins.csproj", "{43CD5BB6-10EF-4153-9375-3678AA909C2A}"
EndProject
Project("{FAE04EC0-301F-11D3-BF4B-00C04F79EFBC}") = "jenkins.Droid", "Droid\jenkins.Droid.csproj", "{B4A0B37F-EE9E-481F-A236-D39517BE9E22}"
EndProject
Project("{FAE04EC0-301F-11D3-BF4B-00C04F79EFBC}") = "jenkins.iOS", "iOS\jenkins.iOS.csproj", "{FC23E9A1-5FF4-46DA-A9B9-F8969C53140B}"
EndProject
Global
	GlobalSection(SolutionConfigurationPlatforms) = preSolution
		Debug|Any CPU = Debug|Any CPU
		Release|Any CPU = Release|Any CPU
		Debug|iPhoneSimulator = Debug|iPhoneSimulator
		Release|iPhone = Release|iPhone
		Release|iPhoneSimulator = Release|iPhoneSimulator
		Debug|iPhone = Debug|iPhone
	EndGlobalSection
	GlobalSection(ProjectConfigurationPlatforms) = postSolution
		{43CD5BB6-10EF-4153-9375-3678AA909C2A}.Debug|Any CPU.ActiveCfg = Debug|Any CPU
		{43CD5BB6-10EF-4153-9375-3678AA909C2A}.Debug|Any CPU.Build.0 = Debug|Any CPU
		{43CD5BB6-10EF-4153-9375-3678AA909C2A}.Release|Any CPU.ActiveCfg = Release|Any CPU
		{43CD5BB6-10EF-4153-9375-3678AA909C2A}.Release|Any CPU.Build.0 = Release|Any CPU
		{43CD5BB6-10EF-4153-9375-3678AA909C2A}.Debug|iPhoneSimulator.ActiveCfg = Debug|Any CPU
		{43CD5BB6-10EF-4153-9375-3678AA909C2A}.Debug|iPhoneSimulator.Build.0 = Debug|Any CPU
		{43CD5BB6-10EF-4153-9375-3678AA909C2A}.Release|iPhone.ActiveCfg = Release|Any CPU
		{43CD5BB6-10EF-4153-9375-3678AA909C2A}.Release|iPhone.Build.0 = Release|Any CPU
		{43CD5BB6-10EF-4153-9375-3678AA909C2A}.Release|iPhoneSimulator.ActiveCfg = Release|Any CPU
		{43CD5BB6-10EF-4153-9375-3678AA909C2A}.Release|iPhoneSimulator.Build.0 = Release|Any CPU
		{43CD5BB6-10EF-4153-9375-3678AA909C2A}.Debug|iPhone.ActiveCfg = Debug|Any CPU
		{43CD5BB6-10EF-4153-9375-3678AA909C2A}.Debug|iPhone.Build.0 = Debug|Any CPU
		{B4A0B37F-EE9E-481F-A236-D39517BE9E22}.Debug|Any CPU.ActiveCfg = Debug|Any CPU
		{B4A0B37F-EE9E-481F-A236-D39517BE9E22}.Debug|Any CPU.Build.0 = Debug|Any CPU
		{B4A0B37F-EE9E-481F-A236-D39517BE9E22}.Release|Any CPU.ActiveCfg = Release|Any CPU
		{B4A0B37F-EE9E-481F-A236-D39517BE9E22}.Release|Any CPU.Build.0 = Release|Any CPU
		{B4A0B37F-EE9E-481F-A236-D39517BE9E22}.Debug|iPhoneSimulator.ActiveCfg = Debug|Any CPU
		{B4A0B37F-EE9E-481F-A236-D39517BE9E22}.Debug|iPhoneSimulator.Build.0 = Debug|Any CPU
		{B4A0B37F-EE9E-481F-A236-D39517BE9E22}.Release|iPhone.ActiveCfg = Release|Any CPU
		{B4A0B37F-EE9E-481F-A236-D39517BE9E22}.Release|iPhone.Build.0 = Release|Any CPU
		{B4A0B37F-EE9E-481F-A236-D39517BE9E22}.Release|iPhoneSimulator.ActiveCfg = Release|Any CPU
		{B4A0B37F-EE9E-481F-A236-D39517BE9E22}.Release|iPhoneSimulator.Build.0 = Release|Any CPU
		{B4A0B37F-EE9E-481F-A236-D39517BE9E22}.Debug|iPhone.ActiveCfg = Debug|Any CPU
		{B4A0B37F-EE9E-481F-A236-D39517BE9E22}.Debug|iPhone.Build.0 = Debug|Any CPU
		{FC23E9A1-5FF4-46DA-A9B9-F8969C53140B}.Debug|Any CPU.ActiveCfg = Debug|iPhoneSimulator
		{FC23E9A1-5FF4-46DA-A9B9-F8969C53140B}.Debug|Any CPU.Build.0 = Debug|iPhoneSimulator
		{FC23E9A1-5FF4-46DA-A9B9-F8969C53140B}.Release|Any CPU.ActiveCfg = Release|iPhone
		{FC23E9A1-5FF4-46DA-A9B9-F8969C53140B}.Release|Any CPU.Build.0 = Release|iPhone
		{FC23E9A1-5FF4-46DA-A9B9-F8969C53140B}.Debug|iPhoneSimulator.ActiveCfg = Debug|iPhoneSimulator
		{FC23E9A1-5FF4-46DA-A9B9-F8969C53140B}.Debug|iPhoneSimulator.Build.0 = Debug|iPhoneSimulator
		{FC23E9A1-5FF4-46DA-A9B9-F8969C53140B}.Release|iPhone.ActiveCfg = Release|iPhone
		{FC23E9A1-5FF4-46DA-A9B9-F8969C53140B}.Release|iPhone.Build.0 = Release|iPhone
		{FC23E9A1-5FF4-46DA-A9B9-F8969C53140B}.Release|iPhoneSimulator.ActiveCfg = Release|iPhoneSimulator
		{FC23E9A1-5FF4-46DA-A9B9-F8969C53140B}.Release|iPhoneSimulator.Build.0 = Release|iPhoneSimulator
		{FC23E9A1-5FF4-46DA-A9B9-F8969C53140B}.Debug|iPhone.ActiveCfg = Debug|iPhone
		{FC23E9A1-5FF4-46DA-A9B9-F8969C53140B}.Debug|iPhone.Build.0 = Debug|iPhone
	EndGlobalSection
EndGlobal
